
Microsoft Visual Studio Solution File, Format Version 12.00
# Visual Studio Version 17
VisualStudioVersion = 17.5.002.0
MinimumVisualStudioVersion = 10.0.40219.1
Project("{9A19103F-16F7-4668-BE54-9A1E7A4F7556}") = "FitnessAppAPI", "FitnessAppAPI\FitnessAppAPI.csproj", "{DC17ED84-C1C4-4736-ABD1-C7795960BCDF}"
EndProject
Global
	GlobalSection(SolutionConfigurationPlatforms) = preSolution
		Debug|Any CPU = Debug|Any CPU
		Release|Any CPU = Release|Any CPU
	EndGlobalSection
	GlobalSection(ProjectConfigurationPlatforms) = postSolution
		{DC17ED84-C1C4-4736-ABD1-C7795960BCDF}.Debug|Any CPU.ActiveCfg = Debug|Any CPU
		{DC17ED84-C1C4-4736-ABD1-C7795960BCDF}.Debug|Any CPU.Build.0 = Debug|Any CPU
		{DC17ED84-C1C4-4736-ABD1-C7795960BCDF}.Release|Any CPU.ActiveCfg = Release|Any CPU
		{DC17ED84-C1C4-4736-ABD1-C7795960BCDF}.Release|Any CPU.Build.0 = Release|Any CPU
	EndGlobalSection
	GlobalSection(SolutionProperties) = preSolution
		HideSolutionNode = FALSE
	EndGlobalSection
	GlobalSection(ExtensibilityGlobals) = postSolution
		SolutionGuid = {9BC44A89-84CB-4213-AF44-1D13624BA775}
	EndGlobalSection
EndGlobal
